
Microsoft Visual Studio Solution File, Format Version 12.00
# Visual Studio Version 17
VisualStudioVersion = 17.12.35424.110
MinimumVisualStudioVersion = 10.0.40219.1
Project("{2150E333-8FDC-42A3-9474-1A3956D46DE8}") = "Shared", "Shared", "{6EA80625-A0FF-4D41-81CB-D29CA5758853}"
EndProject
Project("{FAE04EC0-301F-11D3-BF4B-00C04F79EFBC}") = "Shared", "Shared\Shared\Shared.csproj", "{A51E0073-54E3-4DCC-B3B2-1AD0538B7FEE}"
EndProject
Project("{2150E333-8FDC-42A3-9474-1A3956D46DE8}") = "Application", "Application", "{02EA681E-C7D8-13C7-8484-4AC65E1B71E8}"
EndProject
Project("{2150E333-8FDC-42A3-9474-1A3956D46DE8}") = "infrastructure", "infrastructure", "{7A360D3C-5F8F-4C7A-B9A0-713A5810E115}"
EndProject
Project("{2150E333-8FDC-42A3-9474-1A3956D46DE8}") = "Api", "Api", "{1299B0F2-D72B-4BD5-89FE-AC60BD3744E4}"
EndProject
Project("{FAE04EC0-301F-11D3-BF4B-00C04F79EFBC}") = "Application", "Application\Application\Application.csproj", "{4372330B-D48E-494D-9919-E02EFA6AFA1A}"
EndProject
Project("{FAE04EC0-301F-11D3-BF4B-00C04F79EFBC}") = "Infrastructure", "Infrastructure\Infrastructure\Infrastructure.csproj", "{777E7A1C-CB86-4FC3-898F-1CF7A5762AB6}"
EndProject
Project("{FAE04EC0-301F-11D3-BF4B-00C04F79EFBC}") = "Persistence", "Infrastructure\Persistence\Persistence.csproj", "{FCF6D83E-36B1-4991-A9FD-5BB9E6885C1D}"
EndProject
Project("{FAE04EC0-301F-11D3-BF4B-00C04F79EFBC}") = "Api", "Api\Api\Api.csproj", "{2BA1BDC0-4B3A-4E49-81E7-A115DB3EBD15}"
EndProject
Global
	GlobalSection(SolutionConfigurationPlatforms) = preSolution
		Debug|Any CPU = Debug|Any CPU
		Release|Any CPU = Release|Any CPU
	EndGlobalSection
	GlobalSection(ProjectConfigurationPlatforms) = postSolution
		{A51E0073-54E3-4DCC-B3B2-1AD0538B7FEE}.Debug|Any CPU.ActiveCfg = Debug|Any CPU
		{A51E0073-54E3-4DCC-B3B2-1AD0538B7FEE}.Debug|Any CPU.Build.0 = Debug|Any CPU
		{A51E0073-54E3-4DCC-B3B2-1AD0538B7FEE}.Release|Any CPU.ActiveCfg = Release|Any CPU
		{A51E0073-54E3-4DCC-B3B2-1AD0538B7FEE}.Release|Any CPU.Build.0 = Release|Any CPU
		{4372330B-D48E-494D-9919-E02EFA6AFA1A}.Debug|Any CPU.ActiveCfg = Debug|Any CPU
		{4372330B-D48E-494D-9919-E02EFA6AFA1A}.Debug|Any CPU.Build.0 = Debug|Any CPU
		{4372330B-D48E-494D-9919-E02EFA6AFA1A}.Release|Any CPU.ActiveCfg = Release|Any CPU
		{4372330B-D48E-494D-9919-E02EFA6AFA1A}.Release|Any CPU.Build.0 = Release|Any CPU
		{777E7A1C-CB86-4FC3-898F-1CF7A5762AB6}.Debug|Any CPU.ActiveCfg = Debug|Any CPU
		{777E7A1C-CB86-4FC3-898F-1CF7A5762AB6}.Debug|Any CPU.Build.0 = Debug|Any CPU
		{777E7A1C-CB86-4FC3-898F-1CF7A5762AB6}.Release|Any CPU.ActiveCfg = Release|Any CPU
		{777E7A1C-CB86-4FC3-898F-1CF7A5762AB6}.Release|Any CPU.Build.0 = Release|Any CPU
		{FCF6D83E-36B1-4991-A9FD-5BB9E6885C1D}.Debug|Any CPU.ActiveCfg = Debug|Any CPU
		{FCF6D83E-36B1-4991-A9FD-5BB9E6885C1D}.Debug|Any CPU.Build.0 = Debug|Any CPU
		{FCF6D83E-36B1-4991-A9FD-5BB9E6885C1D}.Release|Any CPU.ActiveCfg = Release|Any CPU
		{FCF6D83E-36B1-4991-A9FD-5BB9E6885C1D}.Release|Any CPU.Build.0 = Release|Any CPU
		{2BA1BDC0-4B3A-4E49-81E7-A115DB3EBD15}.Debug|Any CPU.ActiveCfg = Debug|Any CPU
		{2BA1BDC0-4B3A-4E49-81E7-A115DB3EBD15}.Debug|Any CPU.Build.0 = Debug|Any CPU
		{2BA1BDC0-4B3A-4E49-81E7-A115DB3EBD15}.Release|Any CPU.ActiveCfg = Release|Any CPU
		{2BA1BDC0-4B3A-4E49-81E7-A115DB3EBD15}.Release|Any CPU.Build.0 = Release|Any CPU
	EndGlobalSection
	GlobalSection(SolutionProperties) = preSolution
		HideSolutionNode = FALSE
	EndGlobalSection
	GlobalSection(NestedProjects) = preSolution
		{A51E0073-54E3-4DCC-B3B2-1AD0538B7FEE} = {6EA80625-A0FF-4D41-81CB-D29CA5758853}
		{4372330B-D48E-494D-9919-E02EFA6AFA1A} = {02EA681E-C7D8-13C7-8484-4AC65E1B71E8}
		{777E7A1C-CB86-4FC3-898F-1CF7A5762AB6} = {7A360D3C-5F8F-4C7A-B9A0-713A5810E115}
		{FCF6D83E-36B1-4991-A9FD-5BB9E6885C1D} = {7A360D3C-5F8F-4C7A-B9A0-713A5810E115}
		{2BA1BDC0-4B3A-4E49-81E7-A115DB3EBD15} = {1299B0F2-D72B-4BD5-89FE-AC60BD3744E4}
	EndGlobalSection
	GlobalSection(ExtensibilityGlobals) = postSolution
		SolutionGuid = {9EEF43AC-E180-4CAB-AA34-BBF3C7827AE3}
	EndGlobalSection
EndGlobal
